{
  "name": "CoinTrail",
  "requires": true,
  "lockfileVersion": 1,
  "dependencies": {
    "animate.css": {
      "version": "3.6.1",
      "resolved": "https://registry.npmjs.org/animate.css/-/animate.css-3.6.1.tgz",
      "integrity": "sha512-xEIzzKyQvQSIldgrtC2d/qptAEQLVlMb6xQrjQ6HU6NyGhF7LAIivRZVmhSAg4EICRASNiS+A1G+wvAKTCoC7A=="
    },
    "smoothscroll-polyfill": {
      "version": "0.4.3",
      "resolved": "https://registry.npmjs.org/smoothscroll-polyfill/-/smoothscroll-polyfill-0.4.3.tgz",
      "integrity": "sha512-aUg0sY8XlWw9reC3VGlVdmC9W4K565alN4t8Cm50kULz53NB4GvsZbrinWPLqYqLolY60NBdqHDyh89MqDUc/Q=="
    }
  }
}
