# THIS IS AN AUTOGENERATED FILE. DO NOT EDIT THIS FILE DIRECTLY.
# yarn lockfile v1


"@rails/webpacker@3.5":
  version "3.5.3"
  resolved "https://registry.yarnpkg.com/@rails/webpacker/-/webpacker-3.5.3.tgz#8be7f4bfb1ce6f00c3456cbbe3dc363ca72bafc8"
  integrity sha512-pirEyjomuHkayoZ2nZ7c88D89GNkEGwK9NFmvtgqlZ5tYFSwNrbc+2inx2fqEs+oGPD1Rs2n6vjO50RAbZo8+Q==
  dependencies:
    babel-core "^6.26.3"
    babel-loader "^7.1.4"
    babel-plugin-syntax-dynamic-import "^6.18.0"
    babel-plugin-transform-class-properties "^6.24.1"
    babel-plugin-transform-object-rest-spread "^6.26.0"
    babel-polyfill "^6.26.0"
    