# THIS IS AN AUTOGENERATED FILE. DO NOT EDIT THIS FILE DIRECTLY.
# yarn lockfile v1


"@rails/webpacker@3.5":
  version "3.5.3"
  resolved "https://registry.yarnpkg.com/@rails/webpacker/-/webpacker-3.5.3.tgz#8be7f4bfb1ce6f00c3456cbbe3dc363ca72bafc8"
  integrity sha512-pirEyjomuHkayoZ2nZ7c88D89GNkEGwK9NFmvtgqlZ5tYFSwNrbc+2inx2fqEs+oGPD1Rs2n6vjO50RAbZo8+Q==
  dependencies:
    babel-core "^6.26.3"
    babel-loader "^7.1.4"
    babel-plugin-syntax-dynamic-import "^6.18.0"
    babel-plugin-transform-class-properties "^6.24.1"
    babel-plugin-transform-object-rest-spread "^6.26.0"
    babel-polyfill "^6.26.0"
    babel-preset-env "^1.6.1"
    case-sensitive-paths-webpack-plugin "^2.1.2"
    compression-webpack-plugin "^1.1.11"
    css-loader "^0.28.11"
    extract-text-webpack-plugin "^3.0.2"
    file-loader "^1.1.11"
    glob "^7.1.2"
    js-yaml "^3.11.0"
    node-sass "^4.9.0"
    path-complete-extname "^1.0.0"
    postcss-cssnext "^3.1.0"
    postcss-import "^11.1.0"
    postcss-loader "^2.1.4"
    sass-loader "^6.0.7"
    style-loader "^0.20.3"
    uglifyjs-webpack-plugin "^1.2.5"
    webpack "^3.11.0"
    webpack-manifest-plugin "^1.3.2"

abbrev@1:
  version "1.1.1"
  resolved "https://registry.yarnpkg.com/abbrev/-/abbrev-1.1.1.tgz#f8f2c887ad10bf67f634f005b6987fed3179aac8"
  integrity sha512-nne9/IiQ/hzIhY6pdDnbBtz7DjPTKrY00P/zvPSm5pOFkl6xuGrGnXn/VtTNNfNtAfZ9/1RtehkszU9qcTii0Q==

accepts@~1.3.4, accepts@~1.3.5:
  version "1.3.5"
  resolved "https://registry.yarnpkg.com/accepts/-/accepts-1.3.5.tgz#eb777df6011723a3b14e8a72c0805c8e86746bd2"
  integrity sha1-63d99gEXI6OxTopywIBcjoZ0a9I=
  dependencies:
    mime-types "~2.1.18"
    negotiator "0.6.1"

acorn-dynamic-import@^2.0.0:
  version "2.0.2"
  resolved "https://registry.yarnpkg.com/acorn-dynamic-import/-/acorn-dynamic-import-2.0.2.tgz#c752bd210bef679501b6c6cb7fc84f8f47158cc4"
  integrity sha1-x1K9IQvvZ5UBtsbLf8hPj0cVjMQ=
  dependencies:
    acorn "^4.0.3"

acorn@^4.0.3:
  version "4.0.13"
  resolved "https://registry.yarnpkg.com/acorn/-/acorn-4.0.13.tgz#105495ae5361d697bd195c825192e1ad7f253787"
  integrity sha1-EFSVrlNh1pe9GVyCUZLhrX8lN4c=

acorn@^5.0.0:
  version "5.6.2"
  resolved "https://registry.yarnpkg.com/acorn/-/acorn-5.6.2.tgz#b1da1d7be2ac1b4a327fb9eab851702c5045b4e7"
  integrity sha512-zUzo1E5dI2Ey8+82egfnttyMlMZ2y0D8xOCO3PNPPlYXpl8NZvF6Qk9L9BEtJs+43FqEmfBViDqc5d1ckRDguw==

ajv-keywords@^3.1.0:
  version "3.2.0"
  resolved "https://registry.yarnpkg.com/ajv-keywords/-/ajv-keywords-3.2.0.tgz#e86b819c602cf8821ad637413698f1dec021847a"
  integrity sha1-6GuBnGAs+IIa1jdBNpjx3sAhhHo=

ajv@^4.9.1:
  version "4.11.8"
  resolved "